
Microsoft Visual Studio Solution File, Format Version 12.00
# Visual Studio 15
VisualStudioVersion = 15.0.28307.1062
MinimumVisualStudioVersion = 10.0.40219.1
Project("{FAE04EC0-301F-11D3-BF4B-00C04F79EFBC}") = "dairy", "dairy\dairy.csproj", "{221CCC25-5DE3-41D9-B955-02CEBC2B18E5}"
EndProject
Global
	GlobalSection(SolutionConfigurationPlatforms) = preSolution
		Debug|Any CPU = Debug|Any CPU
		Release|Any CPU = Release|Any CPU
	EndGlobalSection
	GlobalSection(ProjectConfigurationPlatforms) = postSolution
		{221CCC25-5DE3-41D9-B955-02CEBC2B18E5}.Debug|Any CPU.ActiveCfg = Debug|Any CPU
		{221CCC25-5DE3-41D9-B955-02CEBC2B18E5}.Debug|Any CPU.Build.0 = Debug|Any CPU
		{221CCC25-5DE3-41D9-B955-02CEBC2B18E5}.Release|Any CPU.ActiveCfg = Release|Any CPU
		{221CCC25-5DE3-41D9-B955-02CEBC2B18E5}.Release|Any CPU.Build.0 = Release|Any CPU
	EndGlobalSection
	GlobalSection(SolutionProperties) = preSolution
		HideSolutionNode = FALSE
	EndGlobalSection
	GlobalSection(ExtensibilityGlobals) = postSolution
		SolutionGuid = {CFB5332A-4A28-437F-A441-4E2C2537C709}
	EndGlobalSection
EndGlobal
